
Microsoft Visual Studio Solution File, Format Version 12.00
# TcXaeShell Solution File, Format Version 11.00
VisualStudioVersion = 17.7.34302.85
MinimumVisualStudioVersion = 10.0.40219.1
Project("{B1E792BE-AA5F-4E3C-8C82-674BF9C0715B}") = "TwinCat Vacuum Sensor", "TwinCat Vacuum Sensor\TwinCat Vacuum Sensor.tsproj", "{C7F46FEE-1360-42BD-A649-6B28E98F1BC4}"
EndProject
Global
	GlobalSection(SolutionConfigurationPlatforms) = preSolution
		Debug|TwinCAT OS (ARMV7-A) = Debug|TwinCAT OS (ARMV7-A)
		Debug|TwinCAT OS (ARMV7-M) = Debug|TwinCAT OS (ARMV7-M)
		Debug|TwinCAT OS (ARMV8-A) = Debug|TwinCAT OS (ARMV8-A)
		Debug|TwinCAT OS (x64) = Debug|TwinCAT OS (x64)
		Debug|TwinCAT RT (x64) = Debug|TwinCAT RT (x64)
		Debug|TwinCAT RT (x86) = Debug|TwinCAT RT (x86)
		Release|TwinCAT OS (ARMV7-A) = Release|TwinCAT OS (ARMV7-A)
		Release|TwinCAT OS (ARMV7-M) = Release|TwinCAT OS (ARMV7-M)
		Release|TwinCAT OS (ARMV8-A) = Release|TwinCAT OS (ARMV8-A)
		Release|TwinCAT OS (x64) = Release|TwinCAT OS (x64)
		Release|TwinCAT RT (x64) = Release|TwinCAT RT (x64)
		Release|TwinCAT RT (x86) = Release|TwinCAT RT (x86)
	EndGlobalSection
	GlobalSection(ProjectConfigurationPlatforms) = postSolution
		{C7F46FEE-1360-42BD-A649-6B28E98F1BC4}.Debug|TwinCAT OS (ARMV7-A).ActiveCfg = Debug|TwinCAT OS (ARMV7-A)
		{C7F46FEE-1360-42BD-A649-6B28E98F1BC4}.Debug|TwinCAT OS (ARMV7-A).Build.0 = Debug|TwinCAT OS (ARMV7-A)
		{C7F46FEE-1360-42BD-A649-6B28E98F1BC4}.Debug|TwinCAT OS (ARMV7-M).ActiveCfg = Debug|TwinCAT OS (ARMV7-M)
		{C7F46FEE-1360-42BD-A649-6B28E98F1BC4}.Debug|TwinCAT OS (ARMV7-M).Build.0 = Debug|TwinCAT OS (ARMV7-M)
		{C7F46FEE-1360-42BD-A649-6B28E98F1BC4}.Debug|TwinCAT OS (ARMV8-A).ActiveCfg = Debug|TwinCAT OS (ARMV8-A)
		{C7F46FEE-1360-42BD-A649-6B28E98F1BC4}.Debug|TwinCAT OS (ARMV8-A).Build.0 = Debug|TwinCAT OS (ARMV8-A)
		{C7F46FEE-1360-42BD-A649-6B28E98F1BC4}.Debug|TwinCAT OS (x64).ActiveCfg = Debug|TwinCAT OS (x64)
		{C7F46FEE-1360-42BD-A649-6B28E98F1BC4}.Debug|TwinCAT OS (x64).Build.0 = Debug|TwinCAT OS (x64)
		{C7F46FEE-1360-42BD-A649-6B28E98F1BC4}.Debug|TwinCAT RT (x64).ActiveCfg = Debug|TwinCAT RT (x64)
		{C7F46FEE-1360-42BD-A649-6B28E98F1BC4}.Debug|TwinCAT RT (x64).Build.0 = Debug|TwinCAT RT (x64)
		{C7F46FEE-1360-42BD-A649-6B28E98F1BC4}.Debug|TwinCAT RT (x86).ActiveCfg = Debug|TwinCAT RT (x86)
		{C7F46FEE-1360-42BD-A649-6B28E98F1BC4}.Debug|TwinCAT RT (x86).Build.0 = Debug|TwinCAT RT (x86)
		{C7F46FEE-1360-42BD-A649-6B28E98F1BC4}.Release|TwinCAT OS (ARMV7-A).ActiveCfg = Release|TwinCAT OS (ARMV7-A)
		{C7F46FEE-1360-42BD-A649-6B28E98F1BC4}.Release|TwinCAT OS (ARMV7-A).Build.0 = Release|TwinCAT OS (ARMV7-A)
		{C7F46FEE-1360-42BD-A649-6B28E98F1BC4}.Release|TwinCAT OS (ARMV7-M).ActiveCfg = Release|TwinCAT OS (ARMV7-M)
		{C7F46FEE-1360-42BD-A649-6B28E98F1BC4}.Release|TwinCAT OS (ARMV7-M).Build.0 = Release|TwinCAT OS (ARMV7-M)
		{C7F46FEE-1360-42BD-A649-6B28E98F1BC4}.Release|TwinCAT OS (ARMV8-A).ActiveCfg = Release|TwinCAT OS (ARMV8-A)
		{C7F46FEE-1360-42BD-A649-6B28E98F1BC4}.Release|TwinCAT OS (ARMV8-A).Build.0 = Release|TwinCAT OS (ARMV8-A)
		{C7F46FEE-1360-42BD-A649-6B28E98F1BC4}.Release|TwinCAT OS (x64).ActiveCfg = Release|TwinCAT OS (x64)
		{C7F46FEE-1360-42BD-A649-6B28E98F1BC4}.Release|TwinCAT OS (x64).Build.0 = Release|TwinCAT OS (x64)
		{C7F46FEE-1360-42BD-A649-6B28E98F1BC4}.Release|TwinCAT RT (x64).ActiveCfg = Release|TwinCAT RT (x64)
		{C7F46FEE-1360-42BD-A649-6B28E98F1BC4}.Release|TwinCAT RT (x64).Build.0 = Release|TwinCAT RT (x64)
		{C7F46FEE-1360-42BD-A649-6B28E98F1BC4}.Release|TwinCAT RT (x86).ActiveCfg = Release|TwinCAT RT (x86)
		{C7F46FEE-1360-42BD-A649-6B28E98F1BC4}.Release|TwinCAT RT (x86).Build.0 = Release|TwinCAT RT (x86)
		{F3F276A3-959D-4F7C-A468-60C66D30C288}.Debug|TwinCAT OS (ARMV7-A).ActiveCfg = Debug|TwinCAT OS (ARMV7-A)
		{F3F276A3-959D-4F7C-A468-60C66D30C288}.Debug|TwinCAT OS (ARMV7-A).Build.0 = Debug|TwinCAT OS (ARMV7-A)
		{F3F276A3-959D-4F7C-A468-60C66D30C288}.Debug|TwinCAT OS (ARMV7-M).ActiveCfg = Debug|TwinCAT OS (ARMV7-M)
		{F3F276A3-959D-4F7C-A468-60C66D30C288}.Debug|TwinCAT OS (ARMV7-M).Build.0 = Debug|TwinCAT OS (ARMV7-M)
		{F3F276A3-959D-4F7C-A468-60C66D30C288}.Debug|TwinCAT OS (ARMV8-A).ActiveCfg = Debug|TwinCAT OS (ARMV8-A)
		{F3F276A3-959D-4F7C-A468-60C66D30C288}.Debug|TwinCAT OS (ARMV8-A).Build.0 = Debug|TwinCAT OS (ARMV8-A)
		{F3F276A3-959D-4F7C-A468-60C66D30C288}.Debug|TwinCAT OS (x64).ActiveCfg = Debug|TwinCAT OS (x64)
		{F3F276A3-959D-4F7C-A468-60C66D30C288}.Debug|TwinCAT OS (x64).Build.0 = Debug|TwinCAT OS (x64)
		{F3F276A3-959D-4F7C-A468-60C66D30C288}.Debug|TwinCAT RT (x64).ActiveCfg = Debug|TwinCAT RT (x64)
		{F3F276A3-959D-4F7C-A468-60C66D30C288}.Debug|TwinCAT RT (x64).Build.0 = Debug|TwinCAT RT (x64)
		{F3F276A3-959D-4F7C-A468-60C66D30C288}.Debug|TwinCAT RT (x86).ActiveCfg = Debug|TwinCAT RT (x86)
		{F3F276A3-959D-4F7C-A468-60C66D30C288}.Debug|TwinCAT RT (x86).Build.0 = Debug|TwinCAT RT (x86)
		{F3F276A3-959D-4F7C-A468-60C66D30C288}.Release|TwinCAT OS (ARMV7-A).ActiveCfg = Release|TwinCAT OS (ARMV7-A)
		{F3F276A3-959D-4F7C-A468-60C66D30C288}.Release|TwinCAT OS (ARMV7-A).Build.0 = Release|TwinCAT OS (ARMV7-A)
		{F3F276A3-959D-4F7C-A468-60C66D30C288}.Release|TwinCAT OS (ARMV7-M).ActiveCfg = Release|TwinCAT OS (ARMV7-M)
		{F3F276A3-959D-4F7C-A468-60C66D30C288}.Release|TwinCAT OS (ARMV7-M).Build.0 = Release|TwinCAT OS (ARMV7-M)
		{F3F276A3-959D-4F7C-A468-60C66D30C288}.Release|TwinCAT OS (ARMV8-A).ActiveCfg = Release|TwinCAT OS (ARMV8-A)
		{F3F276A3-959D-4F7C-A468-60C66D30C288}.Release|TwinCAT OS (ARMV8-A).Build.0 = Release|TwinCAT OS (ARMV8-A)
		{F3F276A3-959D-4F7C-A468-60C66D30C288}.Release|TwinCAT OS (x64).ActiveCfg = Release|TwinCAT OS (x64)
		{F3F276A3-959D-4F7C-A468-60C66D30C288}.Release|TwinCAT OS (x64).Build.0 = Release|TwinCAT OS (x64)
		{F3F276A3-959D-4F7C-A468-60C66D30C288}.Release|TwinCAT RT (x64).ActiveCfg = Release|TwinCAT RT (x64)
		{F3F276A3-959D-4F7C-A468-60C66D30C288}.Release|TwinCAT RT (x64).Build.0 = Release|TwinCAT RT (x64)
		{F3F276A3-959D-4F7C-A468-60C66D30C288}.Release|TwinCAT RT (x86).ActiveCfg = Release|TwinCAT RT (x86)
		{F3F276A3-959D-4F7C-A468-60C66D30C288}.Release|TwinCAT RT (x86).Build.0 = Release|TwinCAT RT (x86)
	EndGlobalSection
	GlobalSection(SolutionProperties) = preSolution
		HideSolutionNode = FALSE
	EndGlobalSection
	GlobalSection(ExtensibilityGlobals) = postSolution
		SolutionGuid = {3D56AE1B-A448-4807-86BF-686FE2AD327E}
	EndGlobalSection
EndGlobal
